
Microsoft Visual Studio Solution File, Format Version 12.00
# Visual Studio Version 16
VisualStudioVersion = 16.0.29411.108
MinimumVisualStudioVersion = 10.0.40219.1
Project("{9A19103F-16F7-4668-BE54-9A1E7A4F7556}") = "lab", "lab\lab.csproj", "{BCC45629-EDB4-4A21-B37C-F542FCAD16CA}"
EndProject
Project("{FAE04EC0-301F-11D3-BF4B-00C04F79EFBC}") = "lab.DAL", "lab.DAL\lab.DAL.csproj", "{99559297-3742-47C3-B423-4EDF1A0DB6B4}"
EndProject
Global
	GlobalSection(SolutionConfigurationPlatforms) = preSolution
		Debug|Any CPU = Debug|Any CPU
		Release|Any CPU = Release|Any CPU
	EndGlobalSection
	GlobalSection(ProjectConfigurationPlatforms) = postSolution
		{BCC45629-EDB4-4A21-B37C-F542FCAD16CA}.Debug|Any CPU.ActiveCfg = Debug|Any CPU
		{BCC45629-EDB4-4A21-B37C-F542FCAD16CA}.Debug|Any CPU.Build.0 = Debug|Any CPU
		{BCC45629-EDB4-4A21-B37C-F542FCAD16CA}.Release|Any CPU.ActiveCfg = Release|Any CPU
		{BCC45629-EDB4-4A21-B37C-F542FCAD16CA}.Release|Any CPU.Build.0 = Release|Any CPU
		{99559297-3742-47C3-B423-4EDF1A0DB6B4}.Debug|Any CPU.ActiveCfg = Debug|Any CPU
		{99559297-3742-47C3-B423-4EDF1A0DB6B4}.Debug|Any CPU.Build.0 = Debug|Any CPU
		{99559297-3742-47C3-B423-4EDF1A0DB6B4}.Release|Any CPU.ActiveCfg = Release|Any CPU
		{99559297-3742-47C3-B423-4EDF1A0DB6B4}.Release|Any CPU.Build.0 = Release|Any CPU
	EndGlobalSection
	GlobalSection(SolutionProperties) = preSolution
		HideSolutionNode = FALSE
	EndGlobalSection
	GlobalSection(ExtensibilityGlobals) = postSolution
		SolutionGuid = {09E5DD00-9F33-495A-89D0-C90E90C751CE}
	EndGlobalSection
EndGlobal
